// !$*UTF8*$!
{
	archiveVersion = 1;
	classes = {
	};
	objectVersion = 50;
	objects = {

/* Begin PBXBuildFile section */
		EED43F4B24C545F5007F3CD8 /* AppDelegate.swift in Sources */ = {isa = PBXBuildFile; fileRef = EED43F4A24C545F5007F3CD8 /* AppDelegate.swift */; };
		EED43F4D24C545F5007F3CD8 /* SceneDelegate.swift in Sources */ = {isa = PBXBuildFile; fileRef = EED43F4C24C545F5007F3CD8 /* SceneDelegate.swift */; };
		EED43F4F24C545F5007F3CD8 /* ViewController.swift in Sources */ = {isa = PBXBuildFile; fileRef = EED43F4E24C545F5007F3CD8 /* ViewController.swift */; };
		EED43F5224C545F5007F3CD8 /* Main.storyboard in Resources */ = {isa = PBXBuildFile; fileRef = EED43F5024C545F5007F3CD8 /* Main.storyboard */; };
		EED43F5424C545F9007F3CD8 /* Assets.xcassets in Resources */ = {isa = PBXBuildFile; fileRef = EED43F5324C545F9007F3CD8 /* Assets.xcassets */; };
		EED43F5724C545F9007F3CD8 /* LaunchScreen.storyboard in Resources */ = {isa = PBXBuildFile; fileRef = EED43F5524C545F9007F3CD8 /* LaunchScreen.storyboard */; };
		EED43F6224C545F9007F3CD8 /* TipCalculatorTests.swift in Sources */ = {isa = PBXBuildFile; fileRef = EED43F6124C545F9007F3CD8 /* TipCalculatorTests.swift */; };
		EED43F6D24C545F9007F3CD8 /* TipCalculatorUITests.swift in Sources */ = {isa = PBXBuildFile; fileRef = EED43F6C24C545F9007F3CD8 /* TipCalculatorUITests.swift */; };
/* End PBXBuildFile section */

/* Begin PBXContainerItemProxy section */
		EED43F5E24C545F9007F3CD8 /* PBXContainerItemProxy */ = {
			isa = PBXContainerItemProxy;
			containerPortal = EED43F3F24C545F5007F3CD8 /* Project object */;
			proxyType = 1;
			remoteGlobalIDString = EED43F4624C545F5007F3CD8;
			remoteInfo = TipCalculator;
		};
		EED43F6924C545F9007F3CD8 /* PBXContainerItemProxy */ = {
			isa = PBXContainerItemProxy;
			containerPortal = EED43F3F24C545F5007F3CD8 /* Project object */;
			proxyType = 1;
			remoteGlobalIDString = EED43F4624C545F5007F3CD8;
			remoteInfo = TipCalculator;
		};
/* End PBXContainerItemProxy section */

/* Begin PBXFileReference section */
		EED43F4724C545F5007F3CD8 /* TipCalculator.app */ = {isa = PBXFileReference; explicitFileType = wrapper.application; includeInIndex = 0; path = TipCalculator.app; sourceTree = BUILT_PRODUCTS_DIR; };
		EED43F4A24C545F5007F3CD8 /* AppDelegate.swift */ = {isa = PBXFileReference; lastKnownFileType = sourcecode.swift; path = AppDelegate.swift; sourceTree = "<group>"; };
		EED43F4C24C545F5007F3CD8 /* SceneDelegate.swift */ = {isa = PBXFileReference; lastKnownFileType = sourcecode.swift; path = SceneDelegate.swift; sourceTree = "<group>"; };
		EED43F4E24C545F5007F3CD8 /* ViewController.swift */ = {isa = PBXFileReference; lastKnownFileType = sourcecode.swift; path = ViewController.swift; sourceTree = "<group>"; };
		EED43F5124C545F5007F3CD8 /* Base */ = {isa = PBXFileReference; lastKnownFileType = file.storyboard; name = Base; path = Base.lproj/Main.storyboard; sourceTree = "<group>"; };
		EED43F5324C545F9007F3CD8 /* Assets.xcassets */ = {isa = PBXFileReference; lastKnownFileType = folder.assetcatalog; path = Assets.xcassets; sourceTree = "<group>"; };
		EED43F5624C545F9007F3CD8 /* Base */ = {isa = PBXFileReference; lastKnownFileType = file.storyboard; name = Base; path = Base.lproj/LaunchScreen.storyboard; sourceTree = "<group>"; };
		EED43F5824C545F9007F3CD8 /* Info.plist */ = {isa = PBXFileReference; lastKnownFileType = text.plist.xml; path = Info.plist; sourceTree = "<group>"; };
		EED43F5D24C545F9007F3CD8 /* TipCalculatorTests.xctest */ = {isa = PBXFileReference; explicitFileType = wrapper.cfbundle; includeInIndex = 0; path = TipCalculatorTests.xctest; sourceTree = BUILT_PRODUCTS_DIR; };
		EED43F6124C545F9007F3CD8 /* TipCalculatorTests.swift */ = {isa = PBXFileReference; lastKnownFileType = sourcecode.swift; path = TipCalculatorTests.swift; sourceTree = "<group>"; };
		EED43F6324C545F9007F3CD8 /* Info.plist */ = {isa = PBXFileReference; lastKnownFileType = text.plist.xml; path = Info.plist; sourceTree = "<group>"; };
		EED43F6824C545F9007F3CD8 /* TipCalculatorUITests.xctest */ = {isa = PBXFileReference; explicitFileType = wrapper.cfbundle; includeInIndex = 0; path = TipCalculatorUITests.xctest; sourceTree = BUILT_PRODUCTS_DIR; };
		EED43F6C24C545F9007F3CD8 /* TipCalculatorUITests.swift */ = {isa = PBXFileReference; lastKnownFileType = sourcecode.swift; path = TipCalculatorUITests.swift; sourceTree = "<group>"; };
		EED43F6E24C545F9007F3CD8 /* Info.plist */ = {isa = PBXFileReference; lastKnownFileType = text.plist.xml; path = Info.plist; sourceTree = "<group>"; };
/* End PBXFileReference section */

/* Begin PBXFrameworksBuildPhase section */
		EED43F4424C545F5007F3CD8 /* Frameworks */ = {
			isa = PBXFrameworksBuildPhase;
			buildActionMask = 2147483647;
			files = (
			);
			runOnlyForDeploymentPostprocessing = 0;
		};
		EED43F5A24C545F9007F3CD8 /* Frameworks */ = {
			isa = PBXFrameworksBuildPhase;
			buildActionMask = 2147483647;
			files = (
			);
			runOnlyForDeploymentPostprocessing = 0;
		};
		EED43F6524C545F9007F3CD8 /* Frameworks */ = {
			isa = PBXFrameworksBuildPhase;
			buildActionMask = 2147483647;
			files = (
			);
			runOnlyForDeploymentPostprocessing = 0;
		};
/* End PBXFrameworksBuildPhase section */

/* Begin PBXGroup section */
		EED43F3E24C545F5007F3CD8 = {
			isa = PBXGroup;
			children = (
				EED43F4924C545F5007F3CD8 /* TipCalculator */,
				EED43F6024C545F9007F3CD8 /* TipCalculatorTests */,
				EED43F6B24C545F9007F3CD8 /* TipCalculatorUITests */,
				EED43F4824C545F5007F3CD8 /* Products */,
			);
			sourceTree = "<group>";
		};
		EED43F4824C545F5007F3CD8 /* Products */ = {
			isa = PBXGroup;
			children = (
				EED43F4724C545F5007F3CD8 /* TipCalculator.app */,
				EED43F5D24C545F9007F3CD8 /* TipCalculatorTests.xctest */,
				EED43F6824C545F9007F3CD8 /* TipCalculatorUITests.xctest */,
			);
			name = Products;
			sourceTree = "<group>";
		};
		EED43F4924C545F5007F3CD8 /* TipCalculator */ = {
			isa = PBXGroup;
			children = (
				EED43F4A24C545F5007F3CD8 /* AppDelegate.swift */,
				EED43F4C24C545F5007F3CD8 /* SceneDelegate.swift */,
				EED43F4E24C545F5007F3CD8 /* ViewController.swift */,
				EED43F5024C545F5007F3CD8 /* Main.storyboard */,
				EED43F5324C545F9007F3CD8 /* Assets.xcassets */,
				EED43F5524C545F9007F3CD8 /* LaunchScreen.storyboard */,
				EED43F5824C545F9007F3CD8 /* Info.plist */,
			);
			path = TipCalculator;
			sourceTree = "<group>";
		};
		EED43F6024C545F9007F3CD8 /* TipCalculatorTests */ = {
			isa = PBXGroup;
			children = (
				EED43F6124C545F9007F3CD8 /* TipCalculatorTests.swift */,
				EED43F6324C545F9007F3CD8 /* Info.plist */,
			);
			path = TipCalculatorTests;
			sourceTree = "<group>";
		};
		EED43F6B24C545F9007F3CD8 /* TipCalculatorUITests */ = {
			isa = PBXGroup;
			children = (
				EED43F6C24C545F9007F3CD8 /* TipCalculatorUITests.swift */,
				EED43F6E24C545F9007F3CD8 /* Info.plist */,
			);
			path = TipCalculatorUITests;
			sourceTree = "<group>";
		};
/* End PBXGroup section */

/* Begin PBXNativeTarget section */
		EED43F4624C545F5007F3CD8 /* TipCalculator */ = {
			isa = PBXNativeTarget;
			buildConfigurationList = EED43F7124C545F9007F3CD8 /* Build configuration list for PBXNativeTarget "TipCalculator" */;
			buildPhases = (
				EED43F4324C545F5007F3CD8 /* Sources */,
				EED43F4424C545F5007F3CD8 /* Frameworks */,
				EED43F4524C545F5007F3CD8 /* Resources */,
			);
			buildRules = (
			);
			dependencies = (
			);
			name = TipCalculator;
			productName = TipCalculator;
			productReference = EED43F4724C545F5007F3CD8 /* TipCalculator.app */;
			productType = "com.apple.product-type.application";
		};
		EED43F5C24C545F9007F3CD8 /* TipCalculatorTests */ = {
			isa = PBXNativeTarget;
			buildConfigurationList = EED43F7424C545F9007F3CD8 /* Build configuration list for PBXNativeTarget "TipCalculatorTests" */;
			buildPhases = (
				EED43F5924C545F9007F3CD8 /* Sources */,
				EED43F5A24C545F9007F3CD8 /* Frameworks */,
				EED43F5B24C545F9007F3CD8 /* Resources */,
			);
			buildRules = (
			);
			dependencies = (
				EED43F5F24C545F9007F3CD8 /* PBXTargetDependency */,
			);
			name = TipCalculatorTests;
			productName = TipCalculatorTests;
			productReference = EED43F5D24C545F9007F3CD8 /* TipCalculatorTests.xctest */;
			productType = "com.apple.product-type.bundle.unit-test";
		};
		EED43F6724C545F9007F3CD8 /* TipCalculatorUITests */ = {
			isa = PBXNativeTarget;
			buildConfigurationList = EED43F7724C545F9007F3CD8 /* Build configuration list for PBXNativeTarget "TipCalculatorUITests" */;
			buildPhases = (
				EED43F6424C545F9007F3CD8 /* Sources */,
				EED43F6524C545F9007F3CD8 /* Frameworks */,
				EED43F6624C545F9007F3CD8 /* Resources */,
			);
			buildRules = (
			);
			dependencies = (
				EED43F6A24C545F9007F3CD8 /* PBXTargetDependency */,
			);
			name = TipCalculatorUITests;
			productName = TipCalculatorUITests;
			productReference = EED43F6824C545F9007F3CD8 /* TipCalculatorUITests.xctest */;
			productType = "com.apple.product-type.bundle.ui-testing";
		};
/* End PBXNativeTarget section */

/* Begin PBXProject section */
		EED43F3F24C545F5007F3CD8 /* Project object */ = {
			isa = PBXProject;
			attributes = {
				LastSwiftUpdateCheck = 1160;
				LastUpgradeCheck = 1160;
				ORGANIZATIONNAME = "Shivali Singh";
				TargetAttributes = {
					EED43F4624C545F5007F3CD8 = {
						CreatedOnToolsVersion = 11.6;
					};
					EED43F5C24C545F9007F3CD8 = {
						CreatedOnToolsVersion = 11.6;
						TestTargetID = EED43F4624C545F5007F3CD8;
					};
					EED43F6724C545F9007F3CD8 = {
						CreatedOnToolsVersion = 11.6;
						TestTargetID = EED43F4624C545F5007F3CD8;
					};
				};
			};
			buildConfigurationList = EED43F4224C545F5007F3CD8 /* Build configuration list for PBXProject "TipCalculator" */;
			compatibilityVersion = "Xcode 9.3";
			developmentRegion = en;
			hasScannedForEncodings = 0;
			knownRegions = (
				en,
				Base,
			);
			mainGroup = EED43F3E24C545F5007F3CD8;
			productRefGroup = EED43F4824C545F5007F3CD8 /* Products */;
			projectDirPath = "";
			projectRoot = "";
			targets = (
				EED43F4624C545F5007F3CD8 /* TipCalculator */,
				EED43F5C24C545F9007F3CD8 /* TipCalculatorTests */,
				EED43F6724C545F9007F3CD8 /* TipCalculatorUITests */,
			);
		};
/* End PBXProject section */

/* Begin PBXResourcesBuildPhase section */
		EED43F4524C545F5007F3CD8 /* Resources */ = {
			isa = PBXResourcesBuildPhase;
			buildActionMask = 2147483647;
			files = (
				EED43F5724C545F9007F3CD8 /* LaunchScreen.storyboard in Resources */,
				EED43F5424C545F9007F3CD8 /* Assets.xcassets in Resources */,
				EED43F5224C545F5007F3CD8 /* Main.storyboard in Resources */,
			);
			runOnlyForDeploymentPostprocessing = 0;
		};
		EED43F5B24C545F9007F3CD8 /* Resources */ = {
			isa = PBXResourcesBuildPhase;
			buildActionMask = 2147483647;
			files = (
			);
			runOnlyForDeploymentPostprocessing = 0;
		};
		EED43F6624C545F9007F3CD8 /* Resources */ = {
			isa = PBXResourcesBuildPhase;
			buildActionMask = 2147483647;
			files = (
			);
			runOnlyForDeploymentPostprocessing = 0;
		};
/* End PBXResourcesBuildPhase section */

/* Begin PBXSourcesBuildPhase section */
		EED43F4324C545F5007F3CD8 /* Sources */ = {
			isa = PBXSourcesBuildPhase;
			buildActionMask = 2147483647;
			files = (
				EED43F4F24C545F5007F3CD8 /* ViewController.swift in Sources */,
				EED43F4B24C545F5007F3CD8 /* AppDelegate.swift in Sources */,
				EED43F4D24C545F5007F3CD8 /* SceneDelegate.swift in Sources */,
			);
			runOnlyForDeploymentPostprocessing = 0;
		};
		EED43F5924C545F9007F3CD8 /* Sources */ = {
			isa = PBXSourcesBuildPhase;
			buildActionMask = 2147483647;
			files = (
				EED43F6224C545F9007F3CD8 /* TipCalculatorTests.swift in Sources */,
			);
			runOnlyForDeploymentPostprocessing = 0;
		};
		EED43F6424C545F9007F3CD8 /* Sources */ = {
			isa = PBXSourcesBuildPhase;
			buildActionMask = 2147483647;
			files = (
				EED43F6D24C545F9007F3CD8 /* TipCalculatorUITests.swift in Sources */,
			);
			runOnlyForDeploymentPostprocessing = 0;
		};
/* End PBXSourcesBuildPhase section */

/* Begin PBXTargetDependency section */
		EED43F5F24C545F9007F3CD8 /* PBXTargetDependency */ = {
			isa = PBXTargetDependency;
			target = EED43F4624C545F5007F3CD8 /* TipCalculator */;
			targetProxy = EED43F5E24C545F9007F3CD8 /* PBXContainerItemProxy */;
		};
		EED43F6A24C545F9007F3CD8 /* PBXTargetDependency */ = {
			isa = PBXTargetDependency;
			target = EED43F4624C545F5007F3CD8 /* TipCalculator */;
			targetProxy = EED43F6924C545F9007F3CD8 /* PBXContainerItemProxy */;
		};
/* End PBXTargetDependency section */

/* Begin PBXVariantGroup section */
		EED43F5024C545F5007F3CD8 /* Main.storyboard */ = {
			isa = PBXVariantGroup;
			children = (
				EED43F5124C545F5007F3CD8 /* Base */,
			);
			name = Main.storyboard;
			sourceTree = "<group>";
		};
		EED43F5524C545F9007F3CD8 /* LaunchScreen.storyboard */ = {
			isa = PBXVariantGroup;
			children = (
				EED43F5624C545F9007F3CD8 /* Base */,
			);
			name = LaunchScreen.storyboard;
			sourceTree = "<group>";
		};
/* End PBXVariantGroup section */

/* Begin XCBuildConfiguration section */
		EED43F6F24C545F9007F3CD8 /* Debug */ = {
			isa = XCBuildConfiguration;
			buildSettings = {
				ALWAYS_SEARCH_USER_PATHS = NO;
				CLANG_ANALYZER_NONNULL = YES;
				CLANG_ANALYZER_NUMBER_OBJECT_CONVERSION = YES_AGGRESSIVE;
				CLANG_CXX_LANGUAGE_STANDARD = "gnu++14";
				CLANG_CXX_LIBRARY = "libc++";
				CLANG_ENABLE_MODULES = YES;
				CLANG_ENABLE_OBJC_ARC = YES;
				CLANG_ENABLE_OBJC_WEAK = YES;
				CLANG_WARN_BLOCK_CAPTURE_AUTORELEASING = YES;
				CLANG_WARN_BOOL_CONVERSION = YES;
				CLANG_WARN_COMMA = YES;
				CLANG_WARN_CONSTANT_CONVERSION = YES;
				CLANG_WARN_DEPRECATED_OBJC_IMPLEMENTATIONS = YES;
				CLANG_WARN_DIRECT_OBJC_ISA_USAGE = YES_ERROR;
				CLANG_WARN_DOCUMENTATION_COMMENTS = YES;
				CLANG_WARN_EMPTY_BODY = YES;
				CLANG_WARN_ENUM_CONVERSION = YES;
				CLANG_WARN_INFINITE_RECURSION = YES;
				CLANG_WARN_INT_CONVERSION = YES;
				CLANG_WARN_NON_LITERAL_NULL_CONVERSION = YES;
				CLANG_WARN_OBJC_IMPLICIT_RETAIN_SELF = YES;
				CLANG_WARN_OBJC_LITERAL_CONVERSION = YES;
				CLANG_WARN_OBJC_ROOT_CLASS = YES_ERROR;
				CLANG_WARN_RANGE_LOOP_ANALYSIS = YES;
				CLANG_WARN_STRICT_PROTOTYPES = YES;
				CLANG_WARN_SUSPICIOUS_MOVE = YES;
				CLANG_WARN_UNGUARDED_AVAILABILITY = YES_AGGRESSIVE;
				CLANG_WARN_UNREACHABLE_CODE = YES;
				CLANG_WARN__DUPLICATE_METHOD_MATCH = YES;
				COPY_PHASE_STRIP = NO;
				DEBUG_INFORMATION_FORMAT = dwarf;
				ENABLE_STRICT_OBJC_MSGSEND = YES;
				ENABLE_TESTABILITY = YES;
				GCC_C_LANGUAGE_STANDARD = gnu11;
				GCC_DYNAMIC_NO_PIC = NO;
				GCC_NO_COMMON_BLOCKS = YES;
				GCC_OPTIMIZATION_LEVEL = 0;
				GCC_PREPROCESSOR_DEFINITIONS = (
					"DEBUG=1",
					"$(inherited)",
				);
				GCC_WARN_64_TO_32_BIT_CONVERSION = YES;
				GCC_WARN_ABOUT_RETURN_TYPE = YES_ERROR;
				GCC_WARN_UNDECLARED_SELECTOR = YES;
				GCC_WARN_UNINITIALIZED_AUTOS = YES_AGGRESSIVE;
				GCC_WARN_UNUSED_FUNCTION = YES;
				GCC_WARN_UNUSED_VARIABLE = YES;
				IPHONEOS_DEPLOYMENT_TARGET = 13.6;
				MTL_ENABLE_DEBUG_INFO = INCLUDE_SOURCE;
				MTL_FAST_MATH = YES;
				ONLY_ACTIVE_ARCH = YES;
				SDKROOT = iphoneos;
				SWIFT_ACTIVE_COMPILATION_CONDITIONS = DEBUG;
				SWIFT_OPTIMIZATION_LEVEL = "-Onone";
			};
			name = Debug;
		};
		EED43F7024C545F9007F3CD8 /* Release */ = {
			isa = XCBuildConfiguration;
			buildSettings = {
				ALWAYS_SEARCH_USER_PATHS = NO;
				CLANG_ANALYZER_NONNULL = YES;
				CLANG_ANALYZER_NUMBER_OBJECT_CONVERSION = YES_AGGRESSIVE;
				CLANG_CXX_LANGUAGE_STANDARD = "gnu++14";
				CLANG_CXX_LIBRARY = "libc++";
				CLANG_ENABLE_MODULES = YES;
				CLANG_ENABLE_OBJC_ARC = YES;
				CLANG_ENABLE_OBJC_WEAK = YES;
				CLANG_WARN_BLOCK_CAPTURE_AUTORELEASING = YES;
				CLANG_WARN_BOOL_CONVERSION = YES;
				CLANG_WARN_COMMA = YES;
				CLANG_WARN_CONSTANT_CONVERSION = YES;
				CLANG_WARN_DEPRECATED_OBJC_IMPLEMENTATIONS = YES;
				CLANG_WARN_DIRECT_OBJC_ISA_USAGE = YES_ERROR;
				CLANG_WARN_DOCUMENTATION_COMMENTS = YES;
				CLANG_WARN_EMPTY_BODY = YES;
				CLANG_WARN_ENUM_CONVERSION = YES;
				CLANG_WARN_INFINITE_RECURSION = YES;
				CLANG_WARN_INT_CONVERSION = YES;
				CLANG_WARN_NON_LITERAL_NULL_CONVERSION = YES;
				CLANG_WARN_OBJC_IMPLICIT_RETAIN_SELF = YES;
				CLANG_WARN_OBJC_LITERAL_CONVERSION = YES;
				CLANG_WARN_OBJC_ROOT_CLASS = YES_ERROR;
				CLANG_WARN_RANGE_LOOP_ANALYSIS = YES;
				CLANG_WARN_STRICT_PROTOTYPES = YES;
				CLANG_WARN_SUSPICIOUS_MOVE = YES;
				CLANG_WARN_UNGUARDED_AVAILABILITY = YES_AGGRESSIVE;
				CLANG_WARN_UNREACHABLE_CODE = YES;
				CLANG_WARN__DUPLICATE_METHOD_MATCH = YES;
				COPY_PHASE_STRIP = NO;
				DEBUG_INFORMATION_FORMAT = "dwarf-with-dsym";
				ENABLE_NS_ASSERTIONS = NO;
				ENABLE_STRICT_OBJC_MSGSEND = YES;
				GCC_C_LANGUAGE_STANDARD = gnu11;
				GCC_NO_COMMON_BLOCKS = YES;
				GCC_WARN_64_TO_32_BIT_CONVERSION = YES;
				GCC_WARN_ABOUT_RETURN_TYPE = YES_ERROR;
				GCC_WARN_UNDECLARED_SELECTOR = YES;
				GCC_WARN_UNINITIALIZED_AUTOS = YES_AGGRESSIVE;
				GCC_WARN_UNUSED_FUNCTION = YES;
				GCC_WARN_UNUSED_VARIABLE = YES;
				IPHONEOS_DEPLOYMENT_TARGET = 13.6;
				MTL_ENABLE_DEBUG_INFO = NO;
				MTL_FAST_MATH = YES;
				SDKROOT = iphoneos;
				SWIFT_COMPILATION_MODE = wholemodule;
				SWIFT_OPTIMIZATION_LEVEL = "-O";
				VALIDATE_PRODUCT = YES;
			};
			name = Release;
		};
		EED43F7224C545F9007F3CD8 /* Debug */ = {
			isa = XCBuildConfiguration;
			buildSettings = {
				ASSETCATALOG_COMPILER_APPICON_NAME = AppIcon;
				CODE_SIGN_STYLE = Automatic;
				INFOPLIST_FILE = TipCalculator/Info.plist;
				LD_RUNPATH_SEARCH_PATHS = (
					"$(inherited)",
					"@executable_path/Frameworks",
				);
				PRODUCT_BUNDLE_IDENTIFIER = Codepath.TipCalculator;
				PRODUCT_NAME = "$(TARGET_NAME)";
				SWIFT_VERSION = 5.0;
				TARGETED_DEVICE_FAMILY = "1,2";
			};
			name = Debug;
		};
		EED43F7324C545F9007F3CD8 /* Release */ = {
			isa = XCBuildConfiguration;
			buildSettings = {
				ASSETCATALOG_COMPILER_APPICON_NAME = AppIcon;
				CODE_SIGN_STYLE = Automatic;
				INFOPLIST_FILE = TipCalculator/Info.plist;
				LD_RUNPATH_SEARCH_PATHS = (
					"$(inherited)",
					"@executable_path/Frameworks",
				);
				PRODUCT_BUNDLE_IDENTIFIER = Codepath.TipCalculator;
				PRODUCT_NAME = "$(TARGET_NAME)";
				SWIFT_VERSION = 5.0;
				TARGETED_DEVICE_FAMILY = "1,2";
			};
			name = Release;
		};
		EED43F7524C545F9007F3CD8 /* Debug */ = {
			isa = XCBuildConfiguration;
			buildSettings = {
				ALWAYS_EMBED_SWIFT_STANDARD_LIBRARIES = YES;
				BUNDLE_LOADER = "$(TEST_HOST)";
				CODE_SIGN_STYLE = Automatic;
				INFOPLIST_FILE = TipCalculatorTests/Info.plist;
				IPHONEOS_DEPLOYMENT_TARGET = 13.6;
				LD_RUNPATH_SEARCH_PATHS = (
					"$(inherited)",
					"@executable_path/Frameworks",
					"@loader_path/Frameworks",
				);
				PRODUCT_BUNDLE_IDENTIFIER = Codepath.TipCalculatorTests;
				PRODUCT_NAME = "$(TARGET_NAME)";
				SWIFT_VERSION = 5.0;
				TARGETED_DEVICE_FAMILY = "1,2";
				TEST_HOST = "$(BUILT_PRODUCTS_DIR)/TipCalculator.app/TipCalculator";
			};
			name = Debug;
		};
		EED43F7624C545F9007F3CD8 /* Release */ = {
			isa = XCBuildConfiguration;
			buildSettings = {
				ALWAYS_EMBED_SWIFT_STANDARD_LIBRARIES = YES;
				BUNDLE_LOADER = "$(TEST_HOST)";
				CODE_SIGN_STYLE = Automatic;
				INFOPLIST_FILE = TipCalculatorTests/Info.plist;
				IPHONEOS_DEPLOYMENT_TARGET = 13.6;
				LD_RUNPATH_SEARCH_PATHS = (
					"$(inherited)",
					"@executable_path/Frameworks",
					"@loader_path/Frameworks",
				);
				PRODUCT_BUNDLE_IDENTIFIER = Codepath.TipCalculatorTests;
				PRODUCT_NAME = "$(TARGET_NAME)";
				SWIFT_VERSION = 5.0;
				TARGETED_DEVICE_FAMILY = "1,2";
				TEST_HOST = "$(BUILT_PRODUCTS_DIR)/TipCalculator.app/TipCalculator";
			};
			name = Release;
		};
		EED43F7824C545F9007F3CD8 /* Debug */ = {
			isa = XCBuildConfiguration;
			buildSettings = {
				ALWAYS_EMBED_SWIFT_STANDARD_LIBRARIES = YES;
				CODE_SIGN_STYLE = Automatic;
				INFOPLIST_FILE = TipCalculatorUITests/Info.plist;
				LD_RUNPATH_SEARCH_PATHS = (
					"$(inherited)",
					"@executable_path/Frameworks",
					"@loader_path/Frameworks",
				);
				PRODUCT_BUNDLE_IDENTIFIER = Codepath.TipCalculatorUITests;
				PRODUCT_NAME = "$(TARGET_NAME)";
				SWIFT_VERSION = 5.0;
				TARGETED_DEVICE_FAMILY = "1,2";
				TEST_TARGET_NAME = TipCalculator;
			};
			name = Debug;
		};
		EED43F7924C545F9007F3CD8 /* Release */ = {
			isa = XCBuildConfiguration;
			buildSettings = {
				ALWAYS_EMBED_SWIFT_STANDARD_LIBRARIES = YES;
				CODE_SIGN_STYLE = Automatic;
				INFOPLIST_FILE = TipCalculatorUITests/Info.plist;
				LD_RUNPATH_SEARCH_PATHS = (
					"$(inherited)",
					"@executable_path/Frameworks",
					"@loader_path/Frameworks",
				);
				PRODUCT_BUNDLE_IDENTIFIER = Codepath.TipCalculatorUITests;
				PRODUCT_NAME = "$(TARGET_NAME)";
				SWIFT_VERSION = 5.0;
				TARGETED_DEVICE_FAMILY = "1,2";
				TEST_TARGET_NAME = TipCalculator;
			};
			name = Release;
		};
/* End XCBuildConfiguration section */

/* Begin XCConfigurationList section */
		EED43F4224C545F5007F3CD8 /* Build configuration list for PBXProject "TipCalculator" */ = {
			isa = XCConfigurationList;
			buildConfigurations = (
				EED43F6F24C545F9007F3CD8 /* Debug */,
				EED43F7024C545F9007F3CD8 /* Release */,
			);
			defaultConfigurationIsVisible = 0;
			defaultConfigurationName = Release;
		};
		EED43F7124C545F9007F3CD8 /* Build configuration list for PBXNativeTarget "TipCalculator" */ = {
			isa = XCConfigurationList;
			buildConfigurations = (
				EED43F7224C545F9007F3CD8 /* Debug */,
				EED43F7324C545F9007F3CD8 /* Release */,
			);
			defaultConfigurationIsVisible = 0;
			defaultConfigurationName = Release;
		};
		EED43F7424C545F9007F3CD8 /* Build configuration list for PBXNativeTarget "TipCalculatorTests" */ = {
			isa = XCConfigurationList;
			buildConfigurations = (
				EED43F7524C545F9007F3CD8 /* Debug */,
				EED43F7624C545F9007F3CD8 /* Release */,
			);
			defaultConfigurationIsVisible = 0;
			defaultConfigurationName = Release;
		};
		EED43F7724C545F9007F3CD8 /* Build configuration list for PBXNativeTarget "TipCalculatorUITests" */ = {
			isa = XCConfigurationList;
			buildConfigurations = (
				EED43F7824C545F9007F3CD8 /* Debug */,
				EED43F7924C545F9007F3CD8 /* Release */,
			);
			defaultConfigurationIsVisible = 0;
			defaultConfigurationName = Release;
		};
/* End XCConfigurationList section */
	};
	rootObject = EED43F3F24C545F5007F3CD8 /* Project object */;
}
